
Microsoft Visual Studio Solution File, Format Version 12.00
# Visual Studio 15
VisualStudioVersion = 15.0.28010.2046
MinimumVisualStudioVersion = 10.0.40219.1
Project("{FAE04EC0-301F-11D3-BF4B-00C04F79EFBC}") = "Hotel-management-app", "Hotel-management-app\Hotel-management-app.csproj", "{95E1DE7F-8EBB-4362-AE42-48CC88C7AF66}"
EndProject
Global
	GlobalSection(SolutionConfigurationPlatforms) = preSolution
		Debug|Any CPU = Debug|Any CPU
		Release|Any CPU = Release|Any CPU
	EndGlobalSection
	GlobalSection(ProjectConfigurationPlatforms) = postSolution
		{95E1DE7F-8EBB-4362-AE42-48CC88C7AF66}.Debug|Any CPU.ActiveCfg = Debug|Any CPU
		{95E1DE7F-8EBB-4362-AE42-48CC88C7AF66}.Debug|Any CPU.Build.0 = Debug|Any CPU
		{95E1DE7F-8EBB-4362-AE42-48CC88C7AF66}.Release|Any CPU.ActiveCfg = Release|Any CPU
		{95E1DE7F-8EBB-4362-AE42-48CC88C7AF66}.Release|Any CPU.Build.0 = Release|Any CPU
	EndGlobalSection
	GlobalSection(SolutionProperties) = preSolution
		HideSolutionNode = FALSE
	EndGlobalSection
	GlobalSection(ExtensibilityGlobals) = postSolution
		SolutionGuid = {829AFF90-B86F-4DFE-9EE6-56D64A802532}
	EndGlobalSection
EndGlobal
